
Microsoft Visual Studio Solution File, Format Version 12.00
# Visual Studio Version 17
VisualStudioVersion = 17.12.35527.113 d17.12
MinimumVisualStudioVersion = 10.0.40219.1
Project("{FAE04EC0-301F-11D3-BF4B-00C04F79EFBC}") = "Koleksiyonlar1", "Koleksiyonlar1\Koleksiyonlar1.csproj", "{D115499D-0E5C-4D9F-A9D9-E100C3D60359}"
EndProject
Project("{FAE04EC0-301F-11D3-BF4B-00C04F79EFBC}") = "ArrayListProje", "ArrayListProje\ArrayListProje.csproj", "{61FDEEFF-14F8-4EAF-A3B4-C2B06D28BDC1}"
EndProject
Project("{FAE04EC0-301F-11D3-BF4B-00C04F79EFBC}") = "HashTable", "HashTable\HashTable.csproj", "{8344E0ED-5EB6-45D4-ABA5-BC7CDF1513A3}"
EndProject
Global
	GlobalSection(SolutionConfigurationPlatforms) = preSolution
		Debug|Any CPU = Debug|Any CPU
		Release|Any CPU = Release|Any CPU
	EndGlobalSection
	GlobalSection(ProjectConfigurationPlatforms) = postSolution
		{D115499D-0E5C-4D9F-A9D9-E100C3D60359}.Debug|Any CPU.ActiveCfg = Debug|Any CPU
		{D115499D-0E5C-4D9F-A9D9-E100C3D60359}.Debug|Any CPU.Build.0 = Debug|Any CPU
		{D115499D-0E5C-4D9F-A9D9-E100C3D60359}.Release|Any CPU.ActiveCfg = Release|Any CPU
		{D115499D-0E5C-4D9F-A9D9-E100C3D60359}.Release|Any CPU.Build.0 = Release|Any CPU
		{61FDEEFF-14F8-4EAF-A3B4-C2B06D28BDC1}.Debug|Any CPU.ActiveCfg = Debug|Any CPU
		{61FDEEFF-14F8-4EAF-A3B4-C2B06D28BDC1}.Debug|Any CPU.Build.0 = Debug|Any CPU
		{61FDEEFF-14F8-4EAF-A3B4-C2B06D28BDC1}.Release|Any CPU.ActiveCfg = Release|Any CPU
		{61FDEEFF-14F8-4EAF-A3B4-C2B06D28BDC1}.Release|Any CPU.Build.0 = Release|Any CPU
		{8344E0ED-5EB6-45D4-ABA5-BC7CDF1513A3}.Debug|Any CPU.ActiveCfg = Debug|Any CPU
		{8344E0ED-5EB6-45D4-ABA5-BC7CDF1513A3}.Debug|Any CPU.Build.0 = Debug|Any CPU
		{8344E0ED-5EB6-45D4-ABA5-BC7CDF1513A3}.Release|Any CPU.ActiveCfg = Release|Any CPU
		{8344E0ED-5EB6-45D4-ABA5-BC7CDF1513A3}.Release|Any CPU.Build.0 = Release|Any CPU
	EndGlobalSection
	GlobalSection(SolutionProperties) = preSolution
		HideSolutionNode = FALSE
	EndGlobalSection
EndGlobal
